
Microsoft Visual Studio Solution File, Format Version 12.00
Project("{FAE04EC0-301F-11D3-BF4B-00C04F79EFBC}") = "VNMEM", "VNMEM\VNMEM.csproj", "{EE4EE302-6623-4543-AFCE-7ECB0717760D}"
EndProject
Global
	GlobalSection(SolutionConfigurationPlatforms) = preSolution
		Debug|Any CPU = Debug|Any CPU
		Release|Any CPU = Release|Any CPU
	EndGlobalSection
	GlobalSection(ProjectConfigurationPlatforms) = postSolution
		{EE4EE302-6623-4543-AFCE-7ECB0717760D}.Debug|Any CPU.ActiveCfg = Debug|Any CPU
		{EE4EE302-6623-4543-AFCE-7ECB0717760D}.Debug|Any CPU.Build.0 = Debug|Any CPU
		{EE4EE302-6623-4543-AFCE-7ECB0717760D}.Release|Any CPU.ActiveCfg = Release|Any CPU
		{EE4EE302-6623-4543-AFCE-7ECB0717760D}.Release|Any CPU.Build.0 = Release|Any CPU
	EndGlobalSection
EndGlobal
